
Microsoft Visual Studio Solution File, Format Version 12.00
# Visual Studio Version 17
VisualStudioVersion = 17.4.33213.308
MinimumVisualStudioVersion = 10.0.40219.1
Project("{9A19103F-16F7-4668-BE54-9A1E7A4F7556}") = "MyProject", "MyProject\MyProject.csproj", "{02AEE8B9-6BEF-41DF-A103-5483440E1DF0}"
EndProject
Project("{FAE04EC0-301F-11D3-BF4B-00C04F79EFBC}") = "MyProject.Tests", "MyProject.Tests\MyProject.Tests.csproj", "{02FCC275-CDDD-49FD-A2AB-DC2BABB98DEC}"
EndProject
Global
	GlobalSection(SolutionConfigurationPlatforms) = preSolution
		Debug|Any CPU = Debug|Any CPU
		Release|Any CPU = Release|Any CPU
	EndGlobalSection
	GlobalSection(ProjectConfigurationPlatforms) = postSolution
		{02AEE8B9-6BEF-41DF-A103-5483440E1DF0}.Debug|Any CPU.ActiveCfg = Debug|Any CPU
		{02AEE8B9-6BEF-41DF-A103-5483440E1DF0}.Debug|Any CPU.Build.0 = Debug|Any CPU
		{02AEE8B9-6BEF-41DF-A103-5483440E1DF0}.Release|Any CPU.ActiveCfg = Release|Any CPU
		{02AEE8B9-6BEF-41DF-A103-5483440E1DF0}.Release|Any CPU.Build.0 = Release|Any CPU
		{02FCC275-CDDD-49FD-A2AB-DC2BABB98DEC}.Debug|Any CPU.ActiveCfg = Debug|Any CPU
		{02FCC275-CDDD-49FD-A2AB-DC2BABB98DEC}.Debug|Any CPU.Build.0 = Debug|Any CPU
		{02FCC275-CDDD-49FD-A2AB-DC2BABB98DEC}.Release|Any CPU.ActiveCfg = Release|Any CPU
		{02FCC275-CDDD-49FD-A2AB-DC2BABB98DEC}.Release|Any CPU.Build.0 = Release|Any CPU
	EndGlobalSection
	GlobalSection(SolutionProperties) = preSolution
		HideSolutionNode = FALSE
	EndGlobalSection
	GlobalSection(ExtensibilityGlobals) = postSolution
		SolutionGuid = {1BB78D10-50EE-45A2-84F5-4FC621A067FD}
	EndGlobalSection
EndGlobal
